
Microsoft Visual Studio Solution File, Format Version 12.00
# Visual Studio 15
VisualStudioVersion = 15.0.27703.2018
MinimumVisualStudioVersion = 10.0.40219.1
Project("{9A19103F-16F7-4668-BE54-9A1E7A4F7556}") = "Demo.WebApi", "Demo.WebApi\Demo.WebApi.csproj", "{C43116E8-1F5B-4776-8838-8208ED7886C3}"
EndProject
Project("{9A19103F-16F7-4668-BE54-9A1E7A4F7556}") = "Demo.Shared", "Demo.Shared\Demo.Shared.csproj", "{3DC6BB31-7401-4C30-A845-64AC837CE405}"
EndProject
Project("{9A19103F-16F7-4668-BE54-9A1E7A4F7556}") = "Demo.Tests", "Demo.Tests\Demo.Tests.csproj", "{6E2DD06A-530E-4892-8D5E-6EE27BE727AF}"
EndProject
Project("{9A19103F-16F7-4668-BE54-9A1E7A4F7556}") = "Demo.Data", "Demo.Data\Demo.Data.csproj", "{D5635970-A5A7-40E6-8CAD-E2208649382D}"
EndProject
Project("{E53339B2-1760-4266-BCC7-CA923CBCF16C}") = "docker-compose", "docker-compose.dcproj", "{65C394A8-0F2B-43CE-8C61-39739AE5CB5C}"
EndProject
Global
	GlobalSection(SolutionConfigurationPlatforms) = preSolution
		Debug|Any CPU = Debug|Any CPU
		Release|Any CPU = Release|Any CPU
	EndGlobalSection
	GlobalSection(ProjectConfigurationPlatforms) = postSolution
		{C43116E8-1F5B-4776-8838-8208ED7886C3}.Debug|Any CPU.ActiveCfg = Debug|Any CPU
		{C43116E8-1F5B-4776-8838-8208ED7886C3}.Debug|Any CPU.Build.0 = Debug|Any CPU
		{C43116E8-1F5B-4776-8838-8208ED7886C3}.Release|Any CPU.ActiveCfg = Release|Any CPU
		{C43116E8-1F5B-4776-8838-8208ED7886C3}.Release|Any CPU.Build.0 = Release|Any CPU
		{3DC6BB31-7401-4C30-A845-64AC837CE405}.Debug|Any CPU.ActiveCfg = Debug|Any CPU
		{3DC6BB31-7401-4C30-A845-64AC837CE405}.Debug|Any CPU.Build.0 = Debug|Any CPU
		{3DC6BB31-7401-4C30-A845-64AC837CE405}.Release|Any CPU.ActiveCfg = Release|Any CPU
		{3DC6BB31-7401-4C30-A845-64AC837CE405}.Release|Any CPU.Build.0 = Release|Any CPU
		{6E2DD06A-530E-4892-8D5E-6EE27BE727AF}.Debug|Any CPU.ActiveCfg = Debug|Any CPU
		{6E2DD06A-530E-4892-8D5E-6EE27BE727AF}.Debug|Any CPU.Build.0 = Debug|Any CPU
		{6E2DD06A-530E-4892-8D5E-6EE27BE727AF}.Release|Any CPU.ActiveCfg = Release|Any CPU
		{6E2DD06A-530E-4892-8D5E-6EE27BE727AF}.Release|Any CPU.Build.0 = Release|Any CPU
		{D5635970-A5A7-40E6-8CAD-E2208649382D}.Debug|Any CPU.ActiveCfg = Debug|Any CPU
		{D5635970-A5A7-40E6-8CAD-E2208649382D}.Debug|Any CPU.Build.0 = Debug|Any CPU
		{D5635970-A5A7-40E6-8CAD-E2208649382D}.Release|Any CPU.ActiveCfg = Release|Any CPU
		{D5635970-A5A7-40E6-8CAD-E2208649382D}.Release|Any CPU.Build.0 = Release|Any CPU
		{65C394A8-0F2B-43CE-8C61-39739AE5CB5C}.Debug|Any CPU.ActiveCfg = Debug|Any CPU
		{65C394A8-0F2B-43CE-8C61-39739AE5CB5C}.Debug|Any CPU.Build.0 = Debug|Any CPU
		{65C394A8-0F2B-43CE-8C61-39739AE5CB5C}.Release|Any CPU.ActiveCfg = Release|Any CPU
		{65C394A8-0F2B-43CE-8C61-39739AE5CB5C}.Release|Any CPU.Build.0 = Release|Any CPU
	EndGlobalSection
	GlobalSection(SolutionProperties) = preSolution
		HideSolutionNode = FALSE
	EndGlobalSection
	GlobalSection(ExtensibilityGlobals) = postSolution
		SolutionGuid = {D372CCF6-EF93-4E0D-9EB4-757B2EA5F392}
	EndGlobalSection
EndGlobal
